// !$*UTF8*$!
{
	archiveVersion = 1;
	classes = {
	};
	objectVersion = 55;
	objects = {

/* Begin PBXBuildFile section */
		B25A3B4028B507360001FB5A /* AppDelegate.swift in Sources */ = {isa = PBXBuildFile; fileRef = B25A3B3F28B507360001FB5A /* AppDelegate.swift */; };
		B25A3B4228B507360001FB5A /* SceneDelegate.swift in Sources */ = {isa = PBXBuildFile; fileRef = B25A3B4128B507360001FB5A /* SceneDelegate.swift */; };
		B25A3B4428B507360001FB5A /* ViewController.swift in Sources */ = {isa = PBXBuildFile; fileRef = B25A3B4328B507360001FB5A /* ViewController.swift */; };
		B25A3B4728B507360001FB5A /* Main.storyboard in Resources */ = {isa = PBXBuildFile; fileRef = B25A3B4528B507360001FB5A /* Main.storyboard */; };
		B25A3B4928B507380001FB5A /* Assets.xcassets in Resources */ = {isa = PBXBuildFile; fileRef = B25A3B4828B507380001FB5A /* Assets.xcassets */; };
		B25A3B4C28B507380001FB5A /* LaunchScreen.storyboard in Resources */ = {isa = PBXBuildFile; fileRef = B25A3B4A28B507380001FB5A /* LaunchScreen.storyboard */; };
		B25A3B5728B507380001FB5A /* StopClockTests.swift in Sources */ = {isa = PBXBuildFile; fileRef = B25A3B5628B507380001FB5A /* StopClockTests.swift */; };
		B25A3B6128B507380001FB5A /* StopClockUITests.swift in Sources */ = {isa = PBXBuildFile; fileRef = B25A3B6028B507380001FB5A /* StopClockUITests.swift */; };
		B25A3B6328B507380001FB5A /* StopClockUITestsLaunchTests.swift in Sources */ = {isa = PBXBuildFile; fileRef = B25A3B6228B507380001FB5A /* StopClockUITestsLaunchTests.swift */; };
/* End PBXBuildFile section */

/* Begin PBXContainerItemProxy section */
		B25A3B5328B507380001FB5A /* PBXContainerItemProxy */ = {
			isa = PBXContainerItemProxy;
			containerPortal = B25A3B3428B507360001FB5A /* Project object */;
			proxyType = 1;
			remoteGlobalIDString = B25A3B3B28B507360001FB5A;
			remoteInfo = StopClock;
		};
		B25A3B5D28B507380001FB5A /* PBXContainerItemProxy */ = {
			isa = PBXContainerItemProxy;
			containerPortal = B25A3B3428B507360001FB5A /* Project object */;
			proxyType = 1;
			remoteGlobalIDString = B25A3B3B28B507360001FB5A;
			remoteInfo = StopClock;
		};
/* End PBXContainerItemProxy section */

/* Begin PBXFileReference section */
		B25A3B3C28B507360001FB5A /* StopClock.app */ = {isa = PBXFileReference; explicitFileType = wrapper.application; includeInIndex = 0; path = StopClock.app; sourceTree = BUILT_PRODUCTS_DIR; };
		B25A3B3F28B507360001FB5A /* AppDelegate.swift */ = {isa = PBXFileReference; lastKnownFileType = sourcecode.swift; path = AppDelegate.swift; sourceTree = "<group>"; };
		B25A3B4128B507360001FB5A /* SceneDelegate.swift */ = {isa = PBXFileReference; lastKnownFileType = sourcecode.swift; path = SceneDelegate.swift; sourceTree = "<group>"; };
		B25A3B4328B507360001FB5A /* ViewController.swift */ = {isa = PBXFileReference; lastKnownFileType = sourcecode.swift; path = ViewController.swift; sourceTree = "<group>"; };
		B25A3B4628B507360001FB5A /* Base */ = {isa = PBXFileReference; lastKnownFileType = file.storyboard; name = Base; path = Base.lproj/Main.storyboard; sourceTree = "<group>"; };
		B25A3B4828B507380001FB5A /* Assets.xcassets */ = {isa = PBXFileReference; lastKnownFileType = folder.assetcatalog; path = Assets.xcassets; sourceTree = "<group>"; };
		B25A3B4B28B507380001FB5A /* Base */ = {isa = PBXFileReference; lastKnownFileType = file.storyboard; name = Base; path = Base.lproj/LaunchScreen.storyboard; sourceTree = "<group>"; };
		B25A3B4D28B507380001FB5A /* Info.plist */ = {isa = PBXFileReference; lastKnownFileType = text.plist.xml; path = Info.plist; sourceTree = "<group>"; };
		B25A3B5228B507380001FB5A /* StopClockTests.xctest */ = {isa = PBXFileReference; explicitFileType = wrapper.cfbundle; includeInIndex = 0; path = StopClockTests.xctest; sourceTree = BUILT_PRODUCTS_DIR; };
		B25A3B5628B507380001FB5A /* StopClockTests.swift */ = {isa = PBXFileReference; lastKnownFileType = sourcecode.swift; path = StopClockTests.swift; sourceTree = "<group>"; };
		B25A3B5C28B507380001FB5A /* StopClockUITests.xctest */ = {isa = PBXFileReference; explicitFileType = wrapper.cfbundle; includeInIndex = 0; path = StopClockUITests.xctest; sourceTree = BUILT_PRODUCTS_DIR; };
		B25A3B6028B507380001FB5A /* StopClockUITests.swift */ = {isa = PBXFileReference; lastKnownFileType = sourcecode.swift; path = StopClockUITests.swift; sourceTree = "<group>"; };
		B25A3B6228B507380001FB5A /* StopClockUITestsLaunchTests.swift */ = {isa = PBXFileReference; lastKnownFileType = sourcecode.swift; path = StopClockUITestsLaunchTests.swift; sourceTree = "<group>"; };
/* End PBXFileReference section */

/* Begin PBXFrameworksBuildPhase section */
		B25A3B3928B507360001FB5A /* Frameworks */ = {
			isa = PBXFrameworksBuildPhase;
			buildActionMask = 2147483647;
			files = (
			);
			runOnlyForDeploymentPostprocessing = 0;
		};
		B25A3B4F28B507380001FB5A /* Frameworks */ = {
			isa = PBXFrameworksBuildPhase;
			buildActionMask = 2147483647;
			files = (
			);
			runOnlyForDeploymentPostprocessing = 0;
		};
		B25A3B5928B507380001FB5A /* Frameworks */ = {
			isa = PBXFrameworksBuildPhase;
			buildActionMask = 2147483647;
			files = (
			);
			runOnlyForDeploymentPostprocessing = 0;
		};
/* End PBXFrameworksBuildPhase section */

/* Begin PBXGroup section */
		B25A3B3328B507360001FB5A = {
			isa = PBXGroup;
			children = (
				B25A3B3E28B507360001FB5A /* StopClock */,
				B25A3B5528B507380001FB5A /* StopClockTests */,
				B25A3B5F28B507380001FB5A /* StopClockUITests */,
				B25A3B3D28B507360001FB5A /* Products */,
			);
			sourceTree = "<group>";
		};
		B25A3B3D28B507360001FB5A /* Products */ = {
			isa = PBXGroup;
			children = (
				B25A3B3C28B507360001FB5A /* StopClock.app */,
				B25A3B5228B507380001FB5A /* StopClockTests.xctest */,
				B25A3B5C28B507380001FB5A /* StopClockUITests.xctest */,
			);
			name = Products;
			sourceTree = "<group>";
		};
		B25A3B3E28B507360001FB5A /* StopClock */ = {
			isa = PBXGroup;
			children = (
				B25A3B3F28B507360001FB5A /* AppDelegate.swift */,
				B25A3B4128B507360001FB5A /* SceneDelegate.swift */,
				B25A3B4328B507360001FB5A /* ViewController.swift */,
				B25A3B4528B507360001FB5A /* Main.storyboard */,
				B25A3B4828B507380001FB5A /* Assets.xcassets */,
				B25A3B4A28B507380001FB5A /* LaunchScreen.storyboard */,
				B25A3B4D28B507380001FB5A /* Info.plist */,
			);
			path = StopClock;
			sourceTree = "<group>";
		};
		B25A3B5528B507380001FB5A /* StopClockTests */ = {
			isa = PBXGroup;
			children = (
				B25A3B5628B507380001FB5A /* StopClockTests.swift */,
			);
			path = StopClockTests;
			sourceTree = "<group>";
		};
		B25A3B5F28B507380001FB5A /* StopClockUITests */ = {
			isa = PBXGroup;
			children = (
				B25A3B6028B507380001FB5A /* StopClockUITests.swift */,
				B25A3B6228B507380001FB5A /* StopClockUITestsLaunchTests.swift */,
			);
			path = StopClockUITests;
			sourceTree = "<group>";
		};
/* End PBXGroup section */

/* Begin PBXNativeTarget section */
		B25A3B3B28B507360001FB5A /* StopClock */ = {
			isa = PBXNativeTarget;
			buildConfigurationList = B25A3B6628B507380001FB5A /* Build configuration list for PBXNativeTarget "StopClock" */;
			buildPhases = (
				B25A3B3828B507360001FB5A /* Sources */,
				B25A3B3928B507360001FB5A /* Frameworks */,
				B25A3B3A28B507360001FB5A /* Resources */,
			);
			buildRules = (
			);
			dependencies = (
			);
			name = StopClock;
			productName = StopClock;
			productReference = B25A3B3C28B507360001FB5A /* StopClock.app */;
			productType = "com.apple.product-type.application";
		};
		B25A3B5128B507380001FB5A /* StopClockTests */ = {
			isa = PBXNativeTarget;
			buildConfigurationList = B25A3B6928B507380001FB5A /* Build configuration list for PBXNativeTarget "StopClockTests" */;
			buildPhases = (
				B25A3B4E28B507380001FB5A /* Sources */,
				B25A3B4F28B507380001FB5A /* Frameworks */,
				B25A3B5028B507380001FB5A /* Resources */,
			);
			buildRules = (
			);
			dependencies = (
				B25A3B5428B507380001FB5A /* PBXTargetDependency */,
			);
			name = StopClockTests;
			productName = StopClockTests;
			productReference = B25A3B5228B507380001FB5A /* StopClockTests.xctest */;
			productType = "com.apple.product-type.bundle.unit-test";
		};
		B25A3B5B28B507380001FB5A /* StopClockUITests */ = {
			isa = PBXNativeTarget;
			buildConfigurationList = B25A3B6C28B507380001FB5A /* Build configuration list for PBXNativeTarget "StopClockUITests" */;
			buildPhases = (
				B25A3B5828B507380001FB5A /* Sources */,
				B25A3B5928B507380001FB5A /* Frameworks */,
				B25A3B5A28B507380001FB5A /* Resources */,
			);
			buildRules = (
			);
			dependencies = (
				B25A3B5E28B507380001FB5A /* PBXTargetDependency */,
			);
			name = StopClockUITests;
			productName = StopClockUITests;
			productReference = B25A3B5C28B507380001FB5A /* StopClockUITests.xctest */;
			productType = "com.apple.product-type.bundle.ui-testing";
		};
/* End PBXNativeTarget section */

/* Begin PBXProject section */
		B25A3B3428B507360001FB5A /* Project object */ = {
			isa = PBXProject;
			attributes = {
				BuildIndependentTargetsInParallel = 1;
				LastSwiftUpdateCheck = 1340;
				LastUpgradeCheck = 1340;
				TargetAttributes = {
					B25A3B3B28B507360001FB5A = {
						CreatedOnToolsVersion = 13.4.1;
					};
					B25A3B5128B507380001FB5A = {
						CreatedOnToolsVersion = 13.4.1;
						TestTargetID = B25A3B3B28B507360001FB5A;
					};
					B25A3B5B28B507380001FB5A = {
						CreatedOnToolsVersion = 13.4.1;
						TestTargetID = B25A3B3B28B507360001FB5A;
					};
				};
			};
			buildConfigurationList = B25A3B3728B507360001FB5A /* Build configuration list for PBXProject "StopClock" */;
			compatibilityVersion = "Xcode 13.0";
			developmentRegion = en;
			hasScannedForEncodings = 0;
			knownRegions = (
				en,
				Base,
			);
			mainGroup = B25A3B3328B507360001FB5A;
			productRefGroup = B25A3B3D28B507360001FB5A /* Products */;
			projectDirPath = "";
			projectRoot = "";
			targets = (
				B25A3B3B28B507360001FB5A /* StopClock */,
				B25A3B5128B507380001FB5A /* StopClockTests */,
				B25A3B5B28B507380001FB5A /* StopClockUITests */,
			);
		};
/* End PBXProject section */

/* Begin PBXResourcesBuildPhase section */
		B25A3B3A28B507360001FB5A /* Resources */ = {
			isa = PBXResourcesBuildPhase;
			buildActionMask = 2147483647;
			files = (
				B25A3B4C28B507380001FB5A /* LaunchScreen.storyboard in Resources */,
				B25A3B4928B507380001FB5A /* Assets.xcassets in Resources */,
				B25A3B4728B507360001FB5A /* Main.storyboard in Resources */,
			);
			runOnlyForDeploymentPostprocessing = 0;
		};
		B25A3B5028B507380001FB5A /* Resources */ = {
			isa = PBXResourcesBuildPhase;
			buildActionMask = 2147483647;
			files = (
			);
			runOnlyForDeploymentPostprocessing = 0;
		};
		B25A3B5A28B507380001FB5A /* Resources */ = {
			isa = PBXResourcesBuildPhase;
			buildActionMask = 2147483647;
			files = (
			);
			runOnlyForDeploymentPostprocessing = 0;
		};
/* End PBXResourcesBuildPhase section */

/* Begin PBXSourcesBuildPhase section */
		B25A3B3828B507360001FB5A /* Sources */ = {
			isa = PBXSourcesBuildPhase;
			buildActionMask = 2147483647;
			files = (
				B25A3B4428B507360001FB5A /* ViewController.swift in Sources */,
				B25A3B4028B507360001FB5A /* AppDelegate.swift in Sources */,
				B25A3B4228B507360001FB5A /* SceneDelegate.swift in Sources */,
			);
			runOnlyForDeploymentPostprocessing = 0;
		};
		B25A3B4E28B507380001FB5A /* Sources */ = {
			isa = PBXSourcesBuildPhase;
			buildActionMask = 2147483647;
			files = (
				B25A3B5728B507380001FB5A /* StopClockTests.swift in Sources */,
			);
			runOnlyForDeploymentPostprocessing = 0;
		};
		B25A3B5828B507380001FB5A /* Sources */ = {
			isa = PBXSourcesBuildPhase;
			buildActionMask = 2147483647;
			files = (
				B25A3B6128B507380001FB5A /* StopClockUITests.swift in Sources */,
				B25A3B6328B507380001FB5A /* StopClockUITestsLaunchTests.swift in Sources */,
			);
			runOnlyForDeploymentPostprocessing = 0;
		};
/* End PBXSourcesBuildPhase section */

/* Begin PBXTargetDependency section */
		B25A3B5428B507380001FB5A /* PBXTargetDependency */ = {
			isa = PBXTargetDependency;
			target = B25A3B3B28B507360001FB5A /* StopClock */;
			targetProxy = B25A3B5328B507380001FB5A /* PBXContainerItemProxy */;
		};
		B25A3B5E28B507380001FB5A /* PBXTargetDependency */ = {
			isa = PBXTargetDependency;
			target = B25A3B3B28B507360001FB5A /* StopClock */;
			targetProxy = B25A3B5D28B507380001FB5A /* PBXContainerItemProxy */;
		};
/* End PBXTargetDependency section */

/* Begin PBXVariantGroup section */
		B25A3B4528B507360001FB5A /* Main.storyboard */ = {
			isa = PBXVariantGroup;
			children = (
				B25A3B4628B507360001FB5A /* Base */,
			);
			name = Main.storyboard;
			sourceTree = "<group>";
		};
		B25A3B4A28B507380001FB5A /* LaunchScreen.storyboard */ = {
			isa = PBXVariantGroup;
			children = (
				B25A3B4B28B507380001FB5A /* Base */,
			);
			name = LaunchScreen.storyboard;
			sourceTree = "<group>";
		};
/* End PBXVariantGroup section */

/* Begin XCBuildConfiguration section */
		B25A3B6428B507380001FB5A /* Debug */ = {
			isa = XCBuildConfiguration;
			buildSettings = {
				ALWAYS_SEARCH_USER_PATHS = NO;
				CLANG_ANALYZER_NONNULL = YES;
				CLANG_ANALYZER_NUMBER_OBJECT_CONVERSION = YES_AGGRESSIVE;
				CLANG_CXX_LANGUAGE_STANDARD = "gnu++17";
				CLANG_ENABLE_MODULES = YES;
				CLANG_ENABLE_OBJC_ARC = YES;
				CLANG_ENABLE_OBJC_WEAK = YES;
				CLANG_WARN_BLOCK_CAPTURE_AUTORELEASING = YES;
				CLANG_WARN_BOOL_CONVERSION = YES;
				CLANG_WARN_COMMA = YES;
				CLANG_WARN_CONSTANT_CONVERSION = YES;
				CLANG_WARN_DEPRECATED_OBJC_IMPLEMENTATIONS = YES;
				CLANG_WARN_DIRECT_OBJC_ISA_USAGE = YES_ERROR;
				CLANG_WARN_DOCUMENTATION_COMMENTS = YES;
				CLANG_WARN_EMPTY_BODY = YES;
				CLANG_WARN_ENUM_CONVERSION = YES;
				CLANG_WARN_INFINITE_RECURSION = YES;
				CLANG_WARN_INT_CONVERSION = YES;
				CLANG_WARN_NON_LITERAL_NULL_CONVERSION = YES;
				CLANG_WARN_OBJC_IMPLICIT_RETAIN_SELF = YES;
				CLANG_WARN_OBJC_LITERAL_CONVERSION = YES;
				CLANG_WARN_OBJC_ROOT_CLASS = YES_ERROR;
				CLANG_WARN_QUOTED_INCLUDE_IN_FRAMEWORK_HEADER = YES;
				CLANG_WARN_RANGE_LOOP_ANALYSIS = YES;
				CLANG_WARN_STRICT_PROTOTYPES = YES;
				CLANG_WARN_SUSPICIOUS_MOVE = YES;
				CLANG_WARN_UNGUARDED_AVAILABILITY = YES_AGGRESSIVE;
				CLANG_WARN_UNREACHABLE_CODE = YES;
				CLANG_WARN__DUPLICATE_METHOD_MATCH = YES;
				COPY_PHASE_STRIP = NO;
				DEBUG_INFORMATION_FORMAT = dwarf;
				ENABLE_STRICT_OBJC_MSGSEND = YES;
				ENABLE_TESTABILITY = YES;
				GCC_C_LANGUAGE_STANDARD = gnu11;
				GCC_DYNAMIC_NO_PIC = NO;
				GCC_NO_COMMON_BLOCKS = YES;
				GCC_OPTIMIZATION_LEVEL = 0;
				GCC_PREPROCESSOR_DEFINITIONS = (
					"DEBUG=1",
					"$(inherited)",
				);
				GCC_WARN_64_TO_32_BIT_CONVERSION = YES;
				GCC_WARN_ABOUT_RETURN_TYPE = YES_ERROR;
				GCC_WARN_UNDECLARED_SELECTOR = YES;
				GCC_WARN_UNINITIALIZED_AUTOS = YES_AGGRESSIVE;
				GCC_WARN_UNUSED_FUNCTION = YES;
				GCC_WARN_UNUSED_VARIABLE = YES;
				IPHONEOS_DEPLOYMENT_TARGET = 15.5;
				MTL_ENABLE_DEBUG_INFO = INCLUDE_SOURCE;
				MTL_FAST_MATH = YES;
				ONLY_ACTIVE_ARCH = YES;
				SDKROOT = iphoneos;
				SWIFT_ACTIVE_COMPILATION_CONDITIONS = DEBUG;
				SWIFT_OPTIMIZATION_LEVEL = "-Onone";
			};
			name = Debug;
		};
		B25A3B6528B507380001FB5A /* Release */ = {
			isa = XCBuildConfiguration;
			buildSettings = {
				ALWAYS_SEARCH_USER_PATHS = NO;
				CLANG_ANALYZER_NONNULL = YES;
				CLANG_ANALYZER_NUMBER_OBJECT_CONVERSION = YES_AGGRESSIVE;
				CLANG_CXX_LANGUAGE_STANDARD = "gnu++17";
				CLANG_ENABLE_MODULES = YES;
				CLANG_ENABLE_OBJC_ARC = YES;
				CLANG_ENABLE_OBJC_WEAK = YES;
				CLANG_WARN_BLOCK_CAPTURE_AUTORELEASING = YES;
				CLANG_WARN_BOOL_CONVERSION = YES;
				CLANG_WARN_COMMA = YES;
				CLANG_WARN_CONSTANT_CONVERSION = YES;
				CLANG_WARN_DEPRECATED_OBJC_IMPLEMENTATIONS = YES;
				CLANG_WARN_DIRECT_OBJC_ISA_USAGE = YES_ERROR;
				CLANG_WARN_DOCUMENTATION_COMMENTS = YES;
				CLANG_WARN_EMPTY_BODY = YES;
				CLANG_WARN_ENUM_CONVERSION = YES;
				CLANG_WARN_INFINITE_RECURSION = YES;
				CLANG_WARN_INT_CONVERSION = YES;
				CLANG_WARN_NON_LITERAL_NULL_CONVERSION = YES;
				CLANG_WARN_OBJC_IMPLICIT_RETAIN_SELF = YES;
				CLANG_WARN_OBJC_LITERAL_CONVERSION = YES;
				CLANG_WARN_OBJC_ROOT_CLASS = YES_ERROR;
				CLANG_WARN_QUOTED_INCLUDE_IN_FRAMEWORK_HEADER = YES;
				CLANG_WARN_RANGE_LOOP_ANALYSIS = YES;
				CLANG_WARN_STRICT_PROTOTYPES = YES;
				CLANG_WARN_SUSPICIOUS_MOVE = YES;
				CLANG_WARN_UNGUARDED_AVAILABILITY = YES_AGGRESSIVE;
				CLANG_WARN_UNREACHABLE_CODE = YES;
				CLANG_WARN__DUPLICATE_METHOD_MATCH = YES;
				COPY_PHASE_STRIP = NO;
				DEBUG_INFORMATION_FORMAT = "dwarf-with-dsym";
				ENABLE_NS_ASSERTIONS = NO;
				ENABLE_STRICT_OBJC_MSGSEND = YES;
				GCC_C_LANGUAGE_STANDARD = gnu11;
				GCC_NO_COMMON_BLOCKS = YES;
				GCC_WARN_64_TO_32_BIT_CONVERSION = YES;
				GCC_WARN_ABOUT_RETURN_TYPE = YES_ERROR;
				GCC_WARN_UNDECLARED_SELECTOR = YES;
				GCC_WARN_UNINITIALIZED_AUTOS = YES_AGGRESSIVE;
				GCC_WARN_UNUSED_FUNCTION = YES;
				GCC_WARN_UNUSED_VARIABLE = YES;
				IPHONEOS_DEPLOYMENT_TARGET = 15.5;
				MTL_ENABLE_DEBUG_INFO = NO;
				MTL_FAST_MATH = YES;
				SDKROOT = iphoneos;
				SWIFT_COMPILATION_MODE = wholemodule;
				SWIFT_OPTIMIZATION_LEVEL = "-O";
				VALIDATE_PRODUCT = YES;
			};
			name = Release;
		};
		B25A3B6728B507380001FB5A /* Debug */ = {
			isa = XCBuildConfiguration;
			buildSettings = {
				ASSETCATALOG_COMPILER_APPICON_NAME = AppIcon;
				ASSETCATALOG_COMPILER_GLOBAL_ACCENT_COLOR_NAME = AccentColor;
				CODE_SIGN_STYLE = Automatic;
				CURRENT_PROJECT_VERSION = 1;
				GENERATE_INFOPLIST_FILE = YES;
				INFOPLIST_FILE = StopClock/Info.plist;
				INFOPLIST_KEY_UIApplicationSupportsIndirectInputEvents = YES;
				INFOPLIST_KEY_UILaunchStoryboardName = LaunchScreen;
				INFOPLIST_KEY_UIMainStoryboardFile = Main;
				INFOPLIST_KEY_UISupportedInterfaceOrientations_iPad = "UIInterfaceOrientationPortrait UIInterfaceOrientationPortraitUpsideDown UIInterfaceOrientationLandscapeLeft UIInterfaceOrientationLandscapeRight";
				INFOPLIST_KEY_UISupportedInterfaceOrientations_iPhone = "UIInterfaceOrientationPortrait UIInterfaceOrientationLandscapeLeft UIInterfaceOrientationLandscapeRight";
				LD_RUNPATH_SEARCH_PATHS = (
					"$(inherited)",
					"@executable_path/Frameworks",
				);
				MARKETING_VERSION = 1.0;
				PRODUCT_BUNDLE_IDENTIFIER = com.code.StopClock;
				PRODUCT_NAME = "$(TARGET_NAME)";
				SWIFT_EMIT_LOC_STRINGS = YES;
				SWIFT_VERSION = 5.0;
				TARGETED_DEVICE_FAMILY = "1,2";
			};
			name = Debug;
		};
		B25A3B6828B507380001FB5A /* Release */ = {
			isa = XCBuildConfiguration;
			buildSettings = {
				ASSETCATALOG_COMPILER_APPICON_NAME = AppIcon;
				ASSETCATALOG_COMPILER_GLOBAL_ACCENT_COLOR_NAME = AccentColor;
				CODE_SIGN_STYLE = Automatic;
				CURRENT_PROJECT_VERSION = 1;
				GENERATE_INFOPLIST_FILE = YES;
				INFOPLIST_FILE = StopClock/Info.plist;
				INFOPLIST_KEY_UIApplicationSupportsIndirectInputEvents = YES;
				INFOPLIST_KEY_UILaunchStoryboardName = LaunchScreen;
				INFOPLIST_KEY_UIMainStoryboardFile = Main;
				INFOPLIST_KEY_UISupportedInterfaceOrientations_iPad = "UIInterfaceOrientationPortrait UIInterfaceOrientationPortraitUpsideDown UIInterfaceOrientationLandscapeLeft UIInterfaceOrientationLandscapeRight";
				INFOPLIST_KEY_UISupportedInterfaceOrientations_iPhone = "UIInterfaceOrientationPortrait UIInterfaceOrientationLandscapeLeft UIInterfaceOrientationLandscapeRight";
				LD_RUNPATH_SEARCH_PATHS = (
					"$(inherited)",
					"@executable_path/Frameworks",
				);
				MARKETING_VERSION = 1.0;
				PRODUCT_BUNDLE_IDENTIFIER = com.code.StopClock;
				PRODUCT_NAME = "$(TARGET_NAME)";
				SWIFT_EMIT_LOC_STRINGS = YES;
				SWIFT_VERSION = 5.0;
				TARGETED_DEVICE_FAMILY = "1,2";
			};
			name = Release;
		};
		B25A3B6A28B507380001FB5A /* Debug */ = {
			isa = XCBuildConfiguration;
			buildSettings = {
				ALWAYS_EMBED_SWIFT_STANDARD_LIBRARIES = YES;
				BUNDLE_LOADER = "$(TEST_HOST)";
				CODE_SIGN_STYLE = Automatic;
				CURRENT_PROJECT_VERSION = 1;
				GENERATE_INFOPLIST_FILE = YES;
				IPHONEOS_DEPLOYMENT_TARGET = 15.5;
				MARKETING_VERSION = 1.0;
				PRODUCT_BUNDLE_IDENTIFIER = com.code.StopClockTests;
				PRODUCT_NAME = "$(TARGET_NAME)";
				SWIFT_EMIT_LOC_STRINGS = NO;
				SWIFT_VERSION = 5.0;
				TARGETED_DEVICE_FAMILY = "1,2";
				TEST_HOST = "$(BUILT_PRODUCTS_DIR)/StopClock.app/StopClock";
			};
			name = Debug;
		};
		B25A3B6B28B507380001FB5A /* Release */ = {
			isa = XCBuildConfiguration;
			buildSettings = {
				ALWAYS_EMBED_SWIFT_STANDARD_LIBRARIES = YES;
				BUNDLE_LOADER = "$(TEST_HOST)";
				CODE_SIGN_STYLE = Automatic;
				CURRENT_PROJECT_VERSION = 1;
				GENERATE_INFOPLIST_FILE = YES;
				IPHONEOS_DEPLOYMENT_TARGET = 15.5;
				MARKETING_VERSION = 1.0;
				PRODUCT_BUNDLE_IDENTIFIER = com.code.StopClockTests;
				PRODUCT_NAME = "$(TARGET_NAME)";
				SWIFT_EMIT_LOC_STRINGS = NO;
				SWIFT_VERSION = 5.0;
				TARGETED_DEVICE_FAMILY = "1,2";
				TEST_HOST = "$(BUILT_PRODUCTS_DIR)/StopClock.app/StopClock";
			};
			name = Release;
		};
		B25A3B6D28B507380001FB5A /* Debug */ = {
			isa = XCBuildConfiguration;
			buildSettings = {
				ALWAYS_EMBED_SWIFT_STANDARD_LIBRARIES = YES;
				CODE_SIGN_STYLE = Automatic;
				CURRENT_PROJECT_VERSION = 1;
				GENERATE_INFOPLIST_FILE = YES;
				MARKETING_VERSION = 1.0;
				PRODUCT_BUNDLE_IDENTIFIER = com.code.StopClockUITests;
				PRODUCT_NAME = "$(TARGET_NAME)";
				SWIFT_EMIT_LOC_STRINGS = NO;
				SWIFT_VERSION = 5.0;
				TARGETED_DEVICE_FAMILY = "1,2";
				TEST_TARGET_NAME = StopClock;
			};
			name = Debug;
		};
		B25A3B6E28B507380001FB5A /* Release */ = {
			isa = XCBuildConfiguration;
			buildSettings = {
				ALWAYS_EMBED_SWIFT_STANDARD_LIBRARIES = YES;
				CODE_SIGN_STYLE = Automatic;
				CURRENT_PROJECT_VERSION = 1;
				GENERATE_INFOPLIST_FILE = YES;
				MARKETING_VERSION = 1.0;
				PRODUCT_BUNDLE_IDENTIFIER = com.code.StopClockUITests;
				PRODUCT_NAME = "$(TARGET_NAME)";
				SWIFT_EMIT_LOC_STRINGS = NO;
				SWIFT_VERSION = 5.0;
				TARGETED_DEVICE_FAMILY = "1,2";
				TEST_TARGET_NAME = StopClock;
			};
			name = Release;
		};
/* End XCBuildConfiguration section */

/* Begin XCConfigurationList section */
		B25A3B3728B507360001FB5A /* Build configuration list for PBXProject "StopClock" */ = {
			isa = XCConfigurationList;
			buildConfigurations = (
				B25A3B6428B507380001FB5A /* Debug */,
				B25A3B6528B507380001FB5A /* Release */,
			);
			defaultConfigurationIsVisible = 0;
			defaultConfigurationName = Release;
		};
		B25A3B6628B507380001FB5A /* Build configuration list for PBXNativeTarget "StopClock" */ = {
			isa = XCConfigurationList;
			buildConfigurations = (
				B25A3B6728B507380001FB5A /* Debug */,
				B25A3B6828B507380001FB5A /* Release */,
			);
			defaultConfigurationIsVisible = 0;
			defaultConfigurationName = Release;
		};
		B25A3B6928B507380001FB5A /* Build configuration list for PBXNativeTarget "StopClockTests" */ = {
			isa = XCConfigurationList;
			buildConfigurations = (
				B25A3B6A28B507380001FB5A /* Debug */,
				B25A3B6B28B507380001FB5A /* Release */,
			);
			defaultConfigurationIsVisible = 0;
			defaultConfigurationName = Release;
		};
		B25A3B6C28B507380001FB5A /* Build configuration list for PBXNativeTarget "StopClockUITests" */ = {
			isa = XCConfigurationList;
			buildConfigurations = (
				B25A3B6D28B507380001FB5A /* Debug */,
				B25A3B6E28B507380001FB5A /* Release */,
			);
			defaultConfigurationIsVisible = 0;
			defaultConfigurationName = Release;
		};
/* End XCConfigurationList section */
	};
	rootObject = B25A3B3428B507360001FB5A /* Project object */;
}
